Microsoft Visual Studio Solution File, Format Version 11.00
# Visual Studio 2008

Project("{BD6442BD-B958-50AC-2A00-294D61B4704C}") = "GucioDevs", "Assembly-CSharp.csproj", "{0957C2D1-73F3-8385-C576-4F2730F6F23E}"
EndProject
Project("{BD6442BD-B958-50AC-2A00-294D61B4704C}") = "GucioDevs", "Assembly-CSharp-Editor.csproj", "{38C474E9-33FE-0538-28C5-1C90948D75C1}"
EndProject
Global
	GlobalSection(SolutionConfigurationPlatforms) = preSolution
		Debug|Any CPU = Debug|Any CPU
		Release|Any CPU = Release|Any CPU
	EndGlobalSection
	GlobalSection(ProjectConfigurationPlatforms) = postSolution
		{0957C2D1-73F3-8385-C576-4F2730F6F23E}.Debug|Any CPU.ActiveCfg = Debug|Any CPU
		{0957C2D1-73F3-8385-C576-4F2730F6F23E}.Debug|Any CPU.Build.0 = Debug|Any CPU
		{0957C2D1-73F3-8385-C576-4F2730F6F23E}.Release|Any CPU.ActiveCfg = Release|Any CPU
		{0957C2D1-73F3-8385-C576-4F2730F6F23E}.Release|Any CPU.Build.0 = Release|Any CPU
		{38C474E9-33FE-0538-28C5-1C90948D75C1}.Debug|Any CPU.ActiveCfg = Debug|Any CPU
		{38C474E9-33FE-0538-28C5-1C90948D75C1}.Debug|Any CPU.Build.0 = Debug|Any CPU
		{38C474E9-33FE-0538-28C5-1C90948D75C1}.Release|Any CPU.ActiveCfg = Release|Any CPU
		{38C474E9-33FE-0538-28C5-1C90948D75C1}.Release|Any CPU.Build.0 = Release|Any CPU
	EndGlobalSection
	GlobalSection(SolutionProperties) = preSolution
		HideSolutionNode = FALSE
	EndGlobalSection
	GlobalSection(MonoDevelopProperties) = preSolution
		StartupItem = Assembly-CSharp.csproj
	EndGlobalSection
EndGlobal
